// !$*UTF8*$!
{
	archiveVersion = 1;
	classes = {
	};
	objectVersion = 55;
	objects = {

/* Begin PBXBuildFile section */
		F506976028397CB900114C2E /* FirebaseFirestoreSwift in Frameworks */ = {isa = PBXBuildFile; productRef = F506975F28397CB900114C2E /* FirebaseFirestoreSwift */; };
		F506976328397CEF00114C2E /* FirebaseStore.swift in Sources */ = {isa = PBXBuildFile; fileRef = F506976228397CEF00114C2E /* FirebaseStore.swift */; };
		F506976528397D0000114C2E /* Interest.swift in Sources */ = {isa = PBXBuildFile; fileRef = F506976428397D0000114C2E /* Interest.swift */; };
		F506976828397D2E00114C2E /* EventFeedView.swift in Sources */ = {isa = PBXBuildFile; fileRef = F506976728397D2E00114C2E /* EventFeedView.swift */; };
		F506976B28397D4A00114C2E /* AuthView.swift in Sources */ = {isa = PBXBuildFile; fileRef = F506976A28397D4A00114C2E /* AuthView.swift */; };
		F506976D28397D5C00114C2E /* SignUpView.swift in Sources */ = {isa = PBXBuildFile; fileRef = F506976C28397D5C00114C2E /* SignUpView.swift */; };
		F506976F28397D6B00114C2E /* SignInView.swift in Sources */ = {isa = PBXBuildFile; fileRef = F506976E28397D6B00114C2E /* SignInView.swift */; };
		F506977128397D7D00114C2E /* EmailCheckView.swift in Sources */ = {isa = PBXBuildFile; fileRef = F506977028397D7D00114C2E /* EmailCheckView.swift */; };
		F506977328397D9100114C2E /* UserInterestsSelectionView.swift in Sources */ = {isa = PBXBuildFile; fileRef = F506977228397D9100114C2E /* UserInterestsSelectionView.swift */; };
		F506977628397DC700114C2E /* EditEventView.swift in Sources */ = {isa = PBXBuildFile; fileRef = F506977528397DC700114C2E /* EditEventView.swift */; };
		F506977828397DD500114C2E /* EditEventInterestSelectionView.swift in Sources */ = {isa = PBXBuildFile; fileRef = F506977728397DD500114C2E /* EditEventInterestSelectionView.swift */; };
		F506977A28397DEB00114C2E /* EditEventLocationSelectionView.swift in Sources */ = {isa = PBXBuildFile; fileRef = F506977928397DEB00114C2E /* EditEventLocationSelectionView.swift */; };
		F506977C28397DFA00114C2E /* EditEventDatetimeSelectionView.swift in Sources */ = {isa = PBXBuildFile; fileRef = F506977B28397DFA00114C2E /* EditEventDatetimeSelectionView.swift */; };
		F506977F28397E2500114C2E /* Components.swift in Sources */ = {isa = PBXBuildFile; fileRef = F506977E28397E2500114C2E /* Components.swift */; };
		F506978128397E3300114C2E /* InterestCollection.swift in Sources */ = {isa = PBXBuildFile; fileRef = F506978028397E3300114C2E /* InterestCollection.swift */; };
		F506978428397E5B00114C2E /* Auth.swift in Sources */ = {isa = PBXBuildFile; fileRef = F506978328397E5B00114C2E /* Auth.swift */; };
		F506978628397E6900114C2E /* EventFeed.swift in Sources */ = {isa = PBXBuildFile; fileRef = F506978528397E6900114C2E /* EventFeed.swift */; };
		F506978828397E7500114C2E /* EditEvent.swift in Sources */ = {isa = PBXBuildFile; fileRef = F506978728397E7500114C2E /* EditEvent.swift */; };
		F506978A28397E8100114C2E /* UserInterestsSelection.swift in Sources */ = {isa = PBXBuildFile; fileRef = F506978928397E8100114C2E /* UserInterestsSelection.swift */; };
		F506978D28397ED400114C2E /* MapSearchService.swift in Sources */ = {isa = PBXBuildFile; fileRef = F506978C28397ED400114C2E /* MapSearchService.swift */; };
		F506979028397F0600114C2E /* MapKitExtensions.swift in Sources */ = {isa = PBXBuildFile; fileRef = F506978F28397F0600114C2E /* MapKitExtensions.swift */; };
		F50697922839801D00114C2E /* GoogleService-Info.plist in Resources */ = {isa = PBXBuildFile; fileRef = F50697912839801D00114C2E /* GoogleService-Info.plist */; };
		F50B7E472844E64B00E52EB8 /* ImagePicker.swift in Sources */ = {isa = PBXBuildFile; fileRef = F50B7E462844E64B00E52EB8 /* ImagePicker.swift */; };
		F58B749528397A3400C90B6E /* MattyApp.swift in Sources */ = {isa = PBXBuildFile; fileRef = F58B749428397A3400C90B6E /* MattyApp.swift */; };
		F58B749928397A3400C90B6E /* Assets.xcassets in Resources */ = {isa = PBXBuildFile; fileRef = F58B749828397A3400C90B6E /* Assets.xcassets */; };
		F58B749C28397A3400C90B6E /* Preview Assets.xcassets in Resources */ = {isa = PBXBuildFile; fileRef = F58B749B28397A3400C90B6E /* Preview Assets.xcassets */; };
		F5AA67F9284A9348005DABD5 /* Event.swift in Sources */ = {isa = PBXBuildFile; fileRef = F5AA67F8284A9348005DABD5 /* Event.swift */; };
		F5D80872285268340094BC07 /* DateExtensions.swift in Sources */ = {isa = PBXBuildFile; fileRef = F5D80871285268340094BC07 /* DateExtensions.swift */; };
		F5E606172854BC9900425535 /* User.swift in Sources */ = {isa = PBXBuildFile; fileRef = F5E606162854BC9900425535 /* User.swift */; };
		F5EC7CE6283E7A2F0094E5D8 /* SearchView.swift in Sources */ = {isa = PBXBuildFile; fileRef = F5EC7CE5283E7A2F0094E5D8 /* SearchView.swift */; };
		F5EC7CE8283E861C0094E5D8 /* EventsView.swift in Sources */ = {isa = PBXBuildFile; fileRef = F5EC7CE7283E861C0094E5D8 /* EventsView.swift */; };
		F5EC7CEA283E87B10094E5D8 /* ProfileView.swift in Sources */ = {isa = PBXBuildFile; fileRef = F5EC7CE9283E87B10094E5D8 /* ProfileView.swift */; };
		F5EC7CEC28415BBF0094E5D8 /* Profile.swift in Sources */ = {isa = PBXBuildFile; fileRef = F5EC7CEB28415BBF0094E5D8 /* Profile.swift */; };
/* End PBXBuildFile section */

/* Begin PBXFileReference section */
		F506976228397CEF00114C2E /* FirebaseStore.swift */ = {isa = PBXFileReference; lastKnownFileType = sourcecode.swift; path = FirebaseStore.swift; sourceTree = "<group>"; };
		F506976428397D0000114C2E /* Interest.swift */ = {isa = PBXFileReference; lastKnownFileType = sourcecode.swift; path = Interest.swift; sourceTree = "<group>"; };
		F506976728397D2E00114C2E /* EventFeedView.swift */ = {isa = PBXFileReference; lastKnownFileType = sourcecode.swift; path = EventFeedView.swift; sourceTree = "<group>"; };
		F506976A28397D4A00114C2E /* AuthView.swift */ = {isa = PBXFileReference; lastKnownFileType = sourcecode.swift; path = AuthView.swift; sourceTree = "<group>"; };
		F506976C28397D5C00114C2E /* SignUpView.swift */ = {isa = PBXFileReference; lastKnownFileType = sourcecode.swift; path = SignUpView.swift; sourceTree = "<group>"; };
		F506976E28397D6B00114C2E /* SignInView.swift */ = {isa = PBXFileReference; lastKnownFileType = sourcecode.swift; path = SignInView.swift; sourceTree = "<group>"; };
		F506977028397D7D00114C2E /* EmailCheckView.swift */ = {isa = PBXFileReference; lastKnownFileType = sourcecode.swift; path = EmailCheckView.swift; sourceTree = "<group>"; };
		F506977228397D9100114C2E /* UserInterestsSelectionView.swift */ = {isa = PBXFileReference; lastKnownFileType = sourcecode.swift; path = UserInterestsSelectionView.swift; sourceTree = "<group>"; };
		F506977528397DC700114C2E /* EditEventView.swift */ = {isa = PBXFileReference; lastKnownFileType = sourcecode.swift; path = EditEventView.swift; sourceTree = "<group>"; };
		F506977728397DD500114C2E /* EditEventInterestSelectionView.swift */ = {isa = PBXFileReference; lastKnownFileType = sourcecode.swift; path = EditEventInterestSelectionView.swift; sourceTree = "<group>"; };
		F506977928397DEB00114C2E /* EditEventLocationSelectionView.swift */ = {isa = PBXFileReference; lastKnownFileType = sourcecode.swift; path = EditEventLocationSelectionView.swift; sourceTree = "<group>"; };
		F506977B28397DFA00114C2E /* EditEventDatetimeSelectionView.swift */ = {isa = PBXFileReference; lastKnownFileType = sourcecode.swift; path = EditEventDatetimeSelectionView.swift; sourceTree = "<group>"; };
		F506977E28397E2500114C2E /* Components.swift */ = {isa = PBXFileReference; lastKnownFileType = sourcecode.swift; path = Components.swift; sourceTree = "<group>"; };
		F506978028397E3300114C2E /* InterestCollection.swift */ = {isa = PBXFileReference; lastKnownFileType = sourcecode.swift; path = InterestCollection.swift; sourceTree = "<group>"; };
		F506978328397E5B00114C2E /* Auth.swift */ = {isa = PBXFileReference; lastKnownFileType = sourcecode.swift; path = Auth.swift; sourceTree = "<group>"; };
		F506978528397E6900114C2E /* EventFeed.swift */ = {isa = PBXFileReference; lastKnownFileType = sourcecode.swift; path = EventFeed.swift; sourceTree = "<group>"; };
		F506978728397E7500114C2E /* EditEvent.swift */ = {isa = PBXFileReference; lastKnownFileType = sourcecode.swift; path = EditEvent.swift; sourceTree = "<group>"; };
		F506978928397E8100114C2E /* UserInterestsSelection.swift */ = {isa = PBXFileReference; lastKnownFileType = sourcecode.swift; path = UserInterestsSelection.swift; sourceTree = "<group>"; };
		F506978C28397ED400114C2E /* MapSearchService.swift */ = {isa = PBXFileReference; lastKnownFileType = sourcecode.swift; path = MapSearchService.swift; sourceTree = "<group>"; };
		F506978F28397F0600114C2E /* MapKitExtensions.swift */ = {isa = PBXFileReference; lastKnownFileType = sourcecode.swift; path = MapKitExtensions.swift; sourceTree = "<group>"; };
		F50697912839801D00114C2E /* GoogleService-Info.plist */ = {isa = PBXFileReference; fileEncoding = 4; lastKnownFileType = text.plist.xml; path = "GoogleService-Info.plist"; sourceTree = "<group>"; };
		F50B7E462844E64B00E52EB8 /* ImagePicker.swift */ = {isa = PBXFileReference; lastKnownFileType = sourcecode.swift; path = ImagePicker.swift; sourceTree = "<group>"; };
		F58B749128397A3400C90B6E /* Matty.app */ = {isa = PBXFileReference; explicitFileType = wrapper.application; includeInIndex = 0; path = Matty.app; sourceTree = BUILT_PRODUCTS_DIR; };
		F58B749428397A3400C90B6E /* MattyApp.swift */ = {isa = PBXFileReference; lastKnownFileType = sourcecode.swift; path = MattyApp.swift; sourceTree = "<group>"; };
		F58B749828397A3400C90B6E /* Assets.xcassets */ = {isa = PBXFileReference; lastKnownFileType = folder.assetcatalog; path = Assets.xcassets; sourceTree = "<group>"; };
		F58B749B28397A3400C90B6E /* Preview Assets.xcassets */ = {isa = PBXFileReference; lastKnownFileType = folder.assetcatalog; path = "Preview Assets.xcassets"; sourceTree = "<group>"; };
		F5AA67F8284A9348005DABD5 /* Event.swift */ = {isa = PBXFileReference; lastKnownFileType = sourcecode.swift; path = Event.swift; sourceTree = "<group>"; };
		F5D80871285268340094BC07 /* DateExtensions.swift */ = {isa = PBXFileReference; lastKnownFileType = sourcecode.swift; path = DateExtensions.swift; sourceTree = "<group>"; };
		F5E606162854BC9900425535 /* User.swift */ = {isa = PBXFileReference; lastKnownFileType = sourcecode.swift; path = User.swift; sourceTree = "<group>"; };
		F5EC7CE5283E7A2F0094E5D8 /* SearchView.swift */ = {isa = PBXFileReference; lastKnownFileType = sourcecode.swift; path = SearchView.swift; sourceTree = "<group>"; };
		F5EC7CE7283E861C0094E5D8 /* EventsView.swift */ = {isa = PBXFileReference; lastKnownFileType = sourcecode.swift; path = EventsView.swift; sourceTree = "<group>"; };
		F5EC7CE9283E87B10094E5D8 /* ProfileView.swift */ = {isa = PBXFileReference; lastKnownFileType = sourcecode.swift; path = ProfileView.swift; sourceTree = "<group>"; };
		F5EC7CEB28415BBF0094E5D8 /* Profile.swift */ = {isa = PBXFileReference; lastKnownFileType = sourcecode.swift; path = Profile.swift; sourceTree = "<group>"; };
/* End PBXFileReference section */

/* Begin PBXFrameworksBuildPhase section */
		F58B748E28397A3400C90B6E /* Frameworks */ = {
			isa = PBXFrameworksBuildPhase;
			buildActionMask = 2147483647;
			files = (
				F506976028397CB900114C2E /* FirebaseFirestoreSwift in Frameworks */,
			);
			runOnlyForDeploymentPostprocessing = 0;
		};
/* End PBXFrameworksBuildPhase section */

/* Begin PBXGroup section */
		F506976128397CD500114C2E /* Model */ = {
			isa = PBXGroup;
			children = (
				F506976228397CEF00114C2E /* FirebaseStore.swift */,
				F506976428397D0000114C2E /* Interest.swift */,
				F5AA67F8284A9348005DABD5 /* Event.swift */,
				F5E606162854BC9900425535 /* User.swift */,
			);
			path = Model;
			sourceTree = "<group>";
		};
		F506976628397D0E00114C2E /* View */ = {
			isa = PBXGroup;
			children = (
				F506976728397D2E00114C2E /* EventFeedView.swift */,
				F506976928397D3700114C2E /* Auth */,
				F506977428397D9A00114C2E /* EditEvent */,
				F506977D28397E0300114C2E /* Reusable */,
				F5EC7CE5283E7A2F0094E5D8 /* SearchView.swift */,
				F5EC7CE7283E861C0094E5D8 /* EventsView.swift */,
				F5EC7CE9283E87B10094E5D8 /* ProfileView.swift */,
			);
			path = View;
			sourceTree = "<group>";
		};
		F506976928397D3700114C2E /* Auth */ = {
			isa = PBXGroup;
			children = (
				F506976A28397D4A00114C2E /* AuthView.swift */,
				F506976C28397D5C00114C2E /* SignUpView.swift */,
				F506976E28397D6B00114C2E /* SignInView.swift */,
				F506977028397D7D00114C2E /* EmailCheckView.swift */,
				F506977228397D9100114C2E /* UserInterestsSelectionView.swift */,
			);
			path = Auth;
			sourceTree = "<group>";
		};
		F506977428397D9A00114C2E /* EditEvent */ = {
			isa = PBXGroup;
			children = (
				F506977528397DC700114C2E /* EditEventView.swift */,
				F506977728397DD500114C2E /* EditEventInterestSelectionView.swift */,
				F506977928397DEB00114C2E /* EditEventLocationSelectionView.swift */,
				F506977B28397DFA00114C2E /* EditEventDatetimeSelectionView.swift */,
			);
			path = EditEvent;
			sourceTree = "<group>";
		};
		F506977D28397E0300114C2E /* Reusable */ = {
			isa = PBXGroup;
			children = (
				F506977E28397E2500114C2E /* Components.swift */,
				F506978028397E3300114C2E /* InterestCollection.swift */,
				F50B7E462844E64B00E52EB8 /* ImagePicker.swift */,
			);
			path = Reusable;
			sourceTree = "<group>";
		};
		F506978228397E4A00114C2E /* ViewModel */ = {
			isa = PBXGroup;
			children = (
				F506978328397E5B00114C2E /* Auth.swift */,
				F506978528397E6900114C2E /* EventFeed.swift */,
				F506978728397E7500114C2E /* EditEvent.swift */,
				F506978928397E8100114C2E /* UserInterestsSelection.swift */,
				F5EC7CEB28415BBF0094E5D8 /* Profile.swift */,
			);
			path = ViewModel;
			sourceTree = "<group>";
		};
		F506978B28397EC400114C2E /* Services */ = {
			isa = PBXGroup;
			children = (
				F506978C28397ED400114C2E /* MapSearchService.swift */,
			);
			path = Services;
			sourceTree = "<group>";
		};
		F506978E28397EEE00114C2E /* Extensions */ = {
			isa = PBXGroup;
			children = (
				F506978F28397F0600114C2E /* MapKitExtensions.swift */,
				F5D80871285268340094BC07 /* DateExtensions.swift */,
			);
			path = Extensions;
			sourceTree = "<group>";
		};
		F58B748828397A3400C90B6E = {
			isa = PBXGroup;
			children = (
				F58B749328397A3400C90B6E /* Matty */,
				F58B749228397A3400C90B6E /* Products */,
			);
			sourceTree = "<group>";
		};
		F58B749228397A3400C90B6E /* Products */ = {
			isa = PBXGroup;
			children = (
				F58B749128397A3400C90B6E /* Matty.app */,
			);
			name = Products;
			sourceTree = "<group>";
		};
		F58B749328397A3400C90B6E /* Matty */ = {
			isa = PBXGroup;
			children = (
				F50697912839801D00114C2E /* GoogleService-Info.plist */,
				F58B749828397A3400C90B6E /* Assets.xcassets */,
				F58B749428397A3400C90B6E /* MattyApp.swift */,
				F506976128397CD500114C2E /* Model */,
				F506976628397D0E00114C2E /* View */,
				F506978228397E4A00114C2E /* ViewModel */,
				F506978B28397EC400114C2E /* Services */,
				F506978E28397EEE00114C2E /* Extensions */,
				F58B749A28397A3400C90B6E /* Preview Content */,
			);
			path = Matty;
			sourceTree = "<group>";
		};
		F58B749A28397A3400C90B6E /* Preview Content */ = {
			isa = PBXGroup;
			children = (
				F58B749B28397A3400C90B6E /* Preview Assets.xcassets */,
			);
			path = "Preview Content";
			sourceTree = "<group>";
		};
/* End PBXGroup section */

/* Begin PBXNativeTarget section */
		F58B749028397A3400C90B6E /* Matty */ = {
			isa = PBXNativeTarget;
			buildConfigurationList = F58B749F28397A3400C90B6E /* Build configuration list for PBXNativeTarget "Matty" */;
			buildPhases = (
				F58B748D28397A3400C90B6E /* Sources */,
				F58B748E28397A3400C90B6E /* Frameworks */,
				F58B748F28397A3400C90B6E /* Resources */,
			);
			buildRules = (
			);
			dependencies = (
			);
			name = Matty;
			packageProductDependencies = (
				F506975F28397CB900114C2E /* FirebaseFirestoreSwift */,
			);
			productName = Matty;
			productReference = F58B749128397A3400C90B6E /* Matty.app */;
			productType = "com.apple.product-type.application";
		};
/* End PBXNativeTarget section */

/* Begin PBXProject section */
		F58B748928397A3400C90B6E /* Project object */ = {
			isa = PBXProject;
			attributes = {
				BuildIndependentTargetsInParallel = 1;
				LastSwiftUpdateCheck = 1330;
				LastUpgradeCheck = 1330;
				TargetAttributes = {
					F58B749028397A3400C90B6E = {
						CreatedOnToolsVersion = 13.3.1;
					};
				};
			};
			buildConfigurationList = F58B748C28397A3400C90B6E /* Build configuration list for PBXProject "Matty" */;
			compatibilityVersion = "Xcode 13.0";
			developmentRegion = en;
			hasScannedForEncodings = 0;
			knownRegions = (
				en,
				Base,
			);
			mainGroup = F58B748828397A3400C90B6E;
			packageReferences = (
				F506975E28397CB900114C2E /* XCRemoteSwiftPackageReference "firebase-ios-sdk" */,
			);
			productRefGroup = F58B749228397A3400C90B6E /* Products */;
			projectDirPath = "";
			projectRoot = "";
			targets = (
				F58B749028397A3400C90B6E /* Matty */,
			);
		};
/* End PBXProject section */

/* Begin PBXResourcesBuildPhase section */
		F58B748F28397A3400C90B6E /* Resources */ = {
			isa = PBXResourcesBuildPhase;
			buildActionMask = 2147483647;
			files = (
				F58B749C28397A3400C90B6E /* Preview Assets.xcassets in Resources */,
				F58B749928397A3400C90B6E /* Assets.xcassets in Resources */,
				F50697922839801D00114C2E /* GoogleService-Info.plist in Resources */,
			);
			runOnlyForDeploymentPostprocessing = 0;
		};
/* End PBXResourcesBuildPhase section */

/* Begin PBXSourcesBuildPhase section */
		F58B748D28397A3400C90B6E /* Sources */ = {
			isa = PBXSourcesBuildPhase;
			buildActionMask = 2147483647;
			files = (
				F506977128397D7D00114C2E /* EmailCheckView.swift in Sources */,
				F506978128397E3300114C2E /* InterestCollection.swift in Sources */,
				F5EC7CE8283E861C0094E5D8 /* EventsView.swift in Sources */,
				F506976528397D0000114C2E /* Interest.swift in Sources */,
				F506977828397DD500114C2E /* EditEventInterestSelectionView.swift in Sources */,
				F506978628397E6900114C2E /* EventFeed.swift in Sources */,
				F506978A28397E8100114C2E /* UserInterestsSelection.swift in Sources */,
				F506977F28397E2500114C2E /* Components.swift in Sources */,
				F5E606172854BC9900425535 /* User.swift in Sources */,
				F506976F28397D6B00114C2E /* SignInView.swift in Sources */,
				F506979028397F0600114C2E /* MapKitExtensions.swift in Sources */,
				F5AA67F9284A9348005DABD5 /* Event.swift in Sources */,
				F506976B28397D4A00114C2E /* AuthView.swift in Sources */,
				F5EC7CE6283E7A2F0094E5D8 /* SearchView.swift in Sources */,
				F506978428397E5B00114C2E /* Auth.swift in Sources */,
				F50B7E472844E64B00E52EB8 /* ImagePicker.swift in Sources */,
				F506978D28397ED400114C2E /* MapSearchService.swift in Sources */,
				F506978828397E7500114C2E /* EditEvent.swift in Sources */,
				F506977328397D9100114C2E /* UserInterestsSelectionView.swift in Sources */,
				F5EC7CEC28415BBF0094E5D8 /* Profile.swift in Sources */,
				F5EC7CEA283E87B10094E5D8 /* ProfileView.swift in Sources */,
				F506976328397CEF00114C2E /* FirebaseStore.swift in Sources */,
				F5D80872285268340094BC07 /* DateExtensions.swift in Sources */,
				F58B749528397A3400C90B6E /* MattyApp.swift in Sources */,
				F506977A28397DEB00114C2E /* EditEventLocationSelectionView.swift in Sources */,
				F506976D28397D5C00114C2E /* SignUpView.swift in Sources */,
				F506977C28397DFA00114C2E /* EditEventDatetimeSelectionView.swift in Sources */,
				F506977628397DC700114C2E /* EditEventView.swift in Sources */,
				F506976828397D2E00114C2E /* EventFeedView.swift in Sources */,
			);
			runOnlyForDeploymentPostprocessing = 0;
		};
/* End PBXSourcesBuildPhase section */

/* Begin XCBuildConfiguration section */
		F58B749D28397A3400C90B6E /* Debug */ = {
			isa = XCBuildConfiguration;
			buildSettings = {
				ALWAYS_SEARCH_USER_PATHS = NO;
				CLANG_ANALYZER_NONNULL = YES;
				CLANG_ANALYZER_NUMBER_OBJECT_CONVERSION = YES_AGGRESSIVE;
				CLANG_CXX_LANGUAGE_STANDARD = "gnu++17";
				CLANG_ENABLE_MODULES = YES;
				CLANG_ENABLE_OBJC_ARC = YES;
				CLANG_ENABLE_OBJC_WEAK = YES;
				CLANG_WARN_BLOCK_CAPTURE_AUTORELEASING = YES;
				CLANG_WARN_BOOL_CONVERSION = YES;
				CLANG_WARN_COMMA = YES;
				CLANG_WARN_CONSTANT_CONVERSION = YES;
				CLANG_WARN_DEPRECATED_OBJC_IMPLEMENTATIONS = YES;
				CLANG_WARN_DIRECT_OBJC_ISA_USAGE = YES_ERROR;
				CLANG_WARN_DOCUMENTATION_COMMENTS = YES;
				CLANG_WARN_EMPTY_BODY = YES;
				CLANG_WARN_ENUM_CONVERSION = YES;
				CLANG_WARN_INFINITE_RECURSION = YES;
				CLANG_WARN_INT_CONVERSION = YES;
				CLANG_WARN_NON_LITERAL_NULL_CONVERSION = YES;
				CLANG_WARN_OBJC_IMPLICIT_RETAIN_SELF = YES;
				CLANG_WARN_OBJC_LITERAL_CONVERSION = YES;
				CLANG_WARN_OBJC_ROOT_CLASS = YES_ERROR;
				CLANG_WARN_QUOTED_INCLUDE_IN_FRAMEWORK_HEADER = YES;
				CLANG_WARN_RANGE_LOOP_ANALYSIS = YES;
				CLANG_WARN_STRICT_PROTOTYPES = YES;
				CLANG_WARN_SUSPICIOUS_MOVE = YES;
				CLANG_WARN_UNGUARDED_AVAILABILITY = YES_AGGRESSIVE;
				CLANG_WARN_UNREACHABLE_CODE = YES;
				CLANG_WARN__DUPLICATE_METHOD_MATCH = YES;
				COPY_PHASE_STRIP = NO;
				DEBUG_INFORMATION_FORMAT = dwarf;
				ENABLE_STRICT_OBJC_MSGSEND = YES;
				ENABLE_TESTABILITY = YES;
				GCC_C_LANGUAGE_STANDARD = gnu11;
				GCC_DYNAMIC_NO_PIC = NO;
				GCC_NO_COMMON_BLOCKS = YES;
				GCC_OPTIMIZATION_LEVEL = 0;
				GCC_PREPROCESSOR_DEFINITIONS = (
					"DEBUG=1",
					"$(inherited)",
				);
				GCC_WARN_64_TO_32_BIT_CONVERSION = YES;
				GCC_WARN_ABOUT_RETURN_TYPE = YES_ERROR;
				GCC_WARN_UNDECLARED_SELECTOR = YES;
				GCC_WARN_UNINITIALIZED_AUTOS = YES_AGGRESSIVE;
				GCC_WARN_UNUSED_FUNCTION = YES;
				GCC_WARN_UNUSED_VARIABLE = YES;
				IPHONEOS_DEPLOYMENT_TARGET = 15.4;
				MTL_ENABLE_DEBUG_INFO = INCLUDE_SOURCE;
				MTL_FAST_MATH = YES;
				ONLY_ACTIVE_ARCH = YES;
				SDKROOT = iphoneos;
				SWIFT_ACTIVE_COMPILATION_CONDITIONS = DEBUG;
				SWIFT_OPTIMIZATION_LEVEL = "-Onone";
			};
			name = Debug;
		};
		F58B749E28397A3400C90B6E /* Release */ = {
			isa = XCBuildConfiguration;
			buildSettings = {
				ALWAYS_SEARCH_USER_PATHS = NO;
				CLANG_ANALYZER_NONNULL = YES;
				CLANG_ANALYZER_NUMBER_OBJECT_CONVERSION = YES_AGGRESSIVE;
				CLANG_CXX_LANGUAGE_STANDARD = "gnu++17";
				CLANG_ENABLE_MODULES = YES;
				CLANG_ENABLE_OBJC_ARC = YES;
				CLANG_ENABLE_OBJC_WEAK = YES;
				CLANG_WARN_BLOCK_CAPTURE_AUTORELEASING = YES;
				CLANG_WARN_BOOL_CONVERSION = YES;
				CLANG_WARN_COMMA = YES;
				CLANG_WARN_CONSTANT_CONVERSION = YES;
				CLANG_WARN_DEPRECATED_OBJC_IMPLEMENTATIONS = YES;
				CLANG_WARN_DIRECT_OBJC_ISA_USAGE = YES_ERROR;
				CLANG_WARN_DOCUMENTATION_COMMENTS = YES;
				CLANG_WARN_EMPTY_BODY = YES;
				CLANG_WARN_ENUM_CONVERSION = YES;
				CLANG_WARN_INFINITE_RECURSION = YES;
				CLANG_WARN_INT_CONVERSION = YES;
				CLANG_WARN_NON_LITERAL_NULL_CONVERSION = YES;
				CLANG_WARN_OBJC_IMPLICIT_RETAIN_SELF = YES;
				CLANG_WARN_OBJC_LITERAL_CONVERSION = YES;
				CLANG_WARN_OBJC_ROOT_CLASS = YES_ERROR;
				CLANG_WARN_QUOTED_INCLUDE_IN_FRAMEWORK_HEADER = YES;
				CLANG_WARN_RANGE_LOOP_ANALYSIS = YES;
				CLANG_WARN_STRICT_PROTOTYPES = YES;
				CLANG_WARN_SUSPICIOUS_MOVE = YES;
				CLANG_WARN_UNGUARDED_AVAILABILITY = YES_AGGRESSIVE;
				CLANG_WARN_UNREACHABLE_CODE = YES;
				CLANG_WARN__DUPLICATE_METHOD_MATCH = YES;
				COPY_PHASE_STRIP = NO;
				DEBUG_INFORMATION_FORMAT = "dwarf-with-dsym";
				ENABLE_NS_ASSERTIONS = NO;
				ENABLE_STRICT_OBJC_MSGSEND = YES;
				GCC_C_LANGUAGE_STANDARD = gnu11;
				GCC_NO_COMMON_BLOCKS = YES;
				GCC_WARN_64_TO_32_BIT_CONVERSION = YES;
				GCC_WARN_ABOUT_RETURN_TYPE = YES_ERROR;
				GCC_WARN_UNDECLARED_SELECTOR = YES;
				GCC_WARN_UNINITIALIZED_AUTOS = YES_AGGRESSIVE;
				GCC_WARN_UNUSED_FUNCTION = YES;
				GCC_WARN_UNUSED_VARIABLE = YES;
				IPHONEOS_DEPLOYMENT_TARGET = 15.4;
				MTL_ENABLE_DEBUG_INFO = NO;
				MTL_FAST_MATH = YES;
				SDKROOT = iphoneos;
				SWIFT_COMPILATION_MODE = wholemodule;
				SWIFT_OPTIMIZATION_LEVEL = "-O";
				VALIDATE_PRODUCT = YES;
			};
			name = Release;
		};
		F58B74A028397A3400C90B6E /* Debug */ = {
			isa = XCBuildConfiguration;
			buildSettings = {
				ASSETCATALOG_COMPILER_APPICON_NAME = AppIcon;
				ASSETCATALOG_COMPILER_GLOBAL_ACCENT_COLOR_NAME = AccentColor;
				CODE_SIGN_STYLE = Automatic;
				CURRENT_PROJECT_VERSION = 1;
				DEVELOPMENT_ASSET_PATHS = "\"Matty/Preview Content\"";
				DEVELOPMENT_TEAM = 3Q29KV8QPY;
				ENABLE_PREVIEWS = YES;
				GENERATE_INFOPLIST_FILE = YES;
				INFOPLIST_KEY_NSLocationWhenInUseUsageDescription = "";
				INFOPLIST_KEY_UIApplicationSceneManifest_Generation = YES;
				INFOPLIST_KEY_UIApplicationSupportsIndirectInputEvents = YES;
				INFOPLIST_KEY_UILaunchScreen_Generation = YES;
				INFOPLIST_KEY_UISupportedInterfaceOrientations_iPad = "UIInterfaceOrientationPortrait UIInterfaceOrientationPortraitUpsideDown UIInterfaceOrientationLandscapeLeft UIInterfaceOrientationLandscapeRight";
				INFOPLIST_KEY_UISupportedInterfaceOrientations_iPhone = "UIInterfaceOrientationPortrait UIInterfaceOrientationLandscapeLeft UIInterfaceOrientationLandscapeRight";
				LD_RUNPATH_SEARCH_PATHS = (
					"$(inherited)",
					"@executable_path/Frameworks",
				);
				MARKETING_VERSION = 1.0;
				PRODUCT_BUNDLE_IDENTIFIER = "com.matty-app.Matty";
				PRODUCT_NAME = "$(TARGET_NAME)";
				SWIFT_EMIT_LOC_STRINGS = YES;
				SWIFT_VERSION = 5.0;
				TARGETED_DEVICE_FAMILY = "1,2";
			};
			name = Debug;
		};
		F58B74A128397A3400C90B6E /* Release */ = {
			isa = XCBuildConfiguration;
			buildSettings = {
				ASSETCATALOG_COMPILER_APPICON_NAME = AppIcon;
				ASSETCATALOG_COMPILER_GLOBAL_ACCENT_COLOR_NAME = AccentColor;
				CODE_SIGN_STYLE = Automatic;
				CURRENT_PROJECT_VERSION = 1;
				DEVELOPMENT_ASSET_PATHS = "\"Matty/Preview Content\"";
				DEVELOPMENT_TEAM = 3Q29KV8QPY;
				ENABLE_PREVIEWS = YES;
				GENERATE_INFOPLIST_FILE = YES;
				INFOPLIST_KEY_NSLocationWhenInUseUsageDescription = "";
				INFOPLIST_KEY_UIApplicationSceneManifest_Generation = YES;
				INFOPLIST_KEY_UIApplicationSupportsIndirectInputEvents = YES;
				INFOPLIST_KEY_UILaunchScreen_Generation = YES;
				INFOPLIST_KEY_UISupportedInterfaceOrientations_iPad = "UIInterfaceOrientationPortrait UIInterfaceOrientationPortraitUpsideDown UIInterfaceOrientationLandscapeLeft UIInterfaceOrientationLandscapeRight";
				INFOPLIST_KEY_UISupportedInterfaceOrientations_iPhone = "UIInterfaceOrientationPortrait UIInterfaceOrientationLandscapeLeft UIInterfaceOrientationLandscapeRight";
				LD_RUNPATH_SEARCH_PATHS = (
					"$(inherited)",
					"@executable_path/Frameworks",
				);
				MARKETING_VERSION = 1.0;
				PRODUCT_BUNDLE_IDENTIFIER = "com.matty-app.Matty";
				PRODUCT_NAME = "$(TARGET_NAME)";
				SWIFT_EMIT_LOC_STRINGS = YES;
				SWIFT_VERSION = 5.0;
				TARGETED_DEVICE_FAMILY = "1,2";
			};
			name = Release;
		};
/* End XCBuildConfiguration section */

/* Begin XCConfigurationList section */
		F58B748C28397A3400C90B6E /* Build configuration list for PBXProject "Matty" */ = {
			isa = XCConfigurationList;
			buildConfigurations = (
				F58B749D28397A3400C90B6E /* Debug */,
				F58B749E28397A3400C90B6E /* Release */,
			);
			defaultConfigurationIsVisible = 0;
			defaultConfigurationName = Release;
		};
		F58B749F28397A3400C90B6E /* Build configuration list for PBXNativeTarget "Matty" */ = {
			isa = XCConfigurationList;
			buildConfigurations = (
				F58B74A028397A3400C90B6E /* Debug */,
				F58B74A128397A3400C90B6E /* Release */,
			);
			defaultConfigurationIsVisible = 0;
			defaultConfigurationName = Release;
		};
/* End XCConfigurationList section */

/* Begin XCRemoteSwiftPackageReference section */
		F506975E28397CB900114C2E /* XCRemoteSwiftPackageReference "firebase-ios-sdk" */ = {
			isa = XCRemoteSwiftPackageReference;
			repositoryURL = "https://github.com/firebase/firebase-ios-sdk";
			requirement = {
				kind = upToNextMinorVersion;
				minimumVersion = 9.0.0;
			};
		};
/* End XCRemoteSwiftPackageReference section */

/* Begin XCSwiftPackageProductDependency section */
		F506975F28397CB900114C2E /* FirebaseFirestoreSwift */ = {
			isa = XCSwiftPackageProductDependency;
			package = F506975E28397CB900114C2E /* XCRemoteSwiftPackageReference "firebase-ios-sdk" */;
			productName = FirebaseFirestoreSwift;
		};
/* End XCSwiftPackageProductDependency section */
	};
	rootObject = F58B748928397A3400C90B6E /* Project object */;
}
